
Microsoft Visual Studio Solution File, Format Version 12.00
# Visual Studio Version 17
VisualStudioVersion = 17.3.32922.545
MinimumVisualStudioVersion = 10.0.40219.1
Project("{FAE04EC0-301F-11D3-BF4B-00C04F79EFBC}") = "AJAX.Work", "AJAX.Work\AJAX.Work.csproj", "{D427EE82-9917-46A2-9644-8FD2032E1150}"
EndProject
Global
	GlobalSection(SolutionConfigurationPlatforms) = preSolution
		Debug|Any CPU = Debug|Any CPU
		Release|Any CPU = Release|Any CPU
	EndGlobalSection
	GlobalSection(ProjectConfigurationPlatforms) = postSolution
		{D427EE82-9917-46A2-9644-8FD2032E1150}.Debug|Any CPU.ActiveCfg = Debug|Any CPU
		{D427EE82-9917-46A2-9644-8FD2032E1150}.Debug|Any CPU.Build.0 = Debug|Any CPU
		{D427EE82-9917-46A2-9644-8FD2032E1150}.Release|Any CPU.ActiveCfg = Release|Any CPU
		{D427EE82-9917-46A2-9644-8FD2032E1150}.Release|Any CPU.Build.0 = Release|Any CPU
	EndGlobalSection
	GlobalSection(SolutionProperties) = preSolution
		HideSolutionNode = FALSE
	EndGlobalSection
	GlobalSection(ExtensibilityGlobals) = postSolution
		SolutionGuid = {85B6DD14-D3B1-4977-A10D-817DF0968592}
	EndGlobalSection
EndGlobal
